
Microsoft Visual Studio Solution File, Format Version 12.00
# Visual Studio Version 16
VisualStudioVersion = 16.0.30804.86
MinimumVisualStudioVersion = 10.0.40219.1
Project("{FAE04EC0-301F-11D3-BF4B-00C04F79EFBC}") = "Softplan.CalculoJuro.Henrique", "Softplan.CalculoJuro.Henrique\Softplan.CalculoJuro.Henrique.csproj", "{95DF6443-6AAD-4542-B93F-2643D2AEF468}"
EndProject
Project("{FAE04EC0-301F-11D3-BF4B-00C04F79EFBC}") = "Softplan.CalculoJuro.Henrique.Test", "Softplan.CalculoJuro.Henrique.Test\Softplan.CalculoJuro.Henrique.Test.csproj", "{58D27B24-27C1-4D48-BEFC-367B075BE917}"
EndProject
Global
	GlobalSection(SolutionConfigurationPlatforms) = preSolution
		Debug|Any CPU = Debug|Any CPU
		Release|Any CPU = Release|Any CPU
	EndGlobalSection
	GlobalSection(ProjectConfigurationPlatforms) = postSolution
		{95DF6443-6AAD-4542-B93F-2643D2AEF468}.Debug|Any CPU.ActiveCfg = Debug|Any CPU
		{95DF6443-6AAD-4542-B93F-2643D2AEF468}.Debug|Any CPU.Build.0 = Debug|Any CPU
		{95DF6443-6AAD-4542-B93F-2643D2AEF468}.Release|Any CPU.ActiveCfg = Release|Any CPU
		{95DF6443-6AAD-4542-B93F-2643D2AEF468}.Release|Any CPU.Build.0 = Release|Any CPU
		{58D27B24-27C1-4D48-BEFC-367B075BE917}.Debug|Any CPU.ActiveCfg = Debug|Any CPU
		{58D27B24-27C1-4D48-BEFC-367B075BE917}.Debug|Any CPU.Build.0 = Debug|Any CPU
		{58D27B24-27C1-4D48-BEFC-367B075BE917}.Release|Any CPU.ActiveCfg = Release|Any CPU
		{58D27B24-27C1-4D48-BEFC-367B075BE917}.Release|Any CPU.Build.0 = Release|Any CPU
	EndGlobalSection
	GlobalSection(SolutionProperties) = preSolution
		HideSolutionNode = FALSE
	EndGlobalSection
	GlobalSection(ExtensibilityGlobals) = postSolution
		SolutionGuid = {033F5AB9-EA34-497E-A7A3-AA338217D168}
	EndGlobalSection
EndGlobal
